// !$*UTF8*$!
{
	archiveVersion = 1;
	classes = {
	};
	objectVersion = 55;
	objects = {

/* Begin PBXBuildFile section */
		AB2616E928119F6C0070A189 /* CoasterTrackerDemoApp.swift in Sources */ = {isa = PBXBuildFile; fileRef = AB2616E828119F6C0070A189 /* CoasterTrackerDemoApp.swift */; };
		AB2616EB28119F6C0070A189 /* ContentView.swift in Sources */ = {isa = PBXBuildFile; fileRef = AB2616EA28119F6C0070A189 /* ContentView.swift */; };
		AB2616ED28119F6E0070A189 /* Assets.xcassets in Resources */ = {isa = PBXBuildFile; fileRef = AB2616EC28119F6E0070A189 /* Assets.xcassets */; };
		AB2616F028119F6E0070A189 /* Preview Assets.xcassets in Resources */ = {isa = PBXBuildFile; fileRef = AB2616EF28119F6E0070A189 /* Preview Assets.xcassets */; };
		AB2616F228119F6E0070A189 /* Persistence.swift in Sources */ = {isa = PBXBuildFile; fileRef = AB2616F128119F6E0070A189 /* Persistence.swift */; };
		AB2616F528119F6E0070A189 /* CoasterTrackerDemo.xcdatamodeld in Sources */ = {isa = PBXBuildFile; fileRef = AB2616F328119F6E0070A189 /* CoasterTrackerDemo.xcdatamodeld */; };
		AB2616FF28119F6E0070A189 /* CoasterTrackerDemoTests.swift in Sources */ = {isa = PBXBuildFile; fileRef = AB2616FE28119F6E0070A189 /* CoasterTrackerDemoTests.swift */; };
		AB26170928119F6E0070A189 /* CoasterTrackerDemoUITests.swift in Sources */ = {isa = PBXBuildFile; fileRef = AB26170828119F6E0070A189 /* CoasterTrackerDemoUITests.swift */; };
		AB26170B28119F6E0070A189 /* CoasterTrackerDemoUITestsLaunchTests.swift in Sources */ = {isa = PBXBuildFile; fileRef = AB26170A28119F6E0070A189 /* CoasterTrackerDemoUITestsLaunchTests.swift */; };
		AB2617192811A0C30070A189 /* RollerCoasterListView.swift in Sources */ = {isa = PBXBuildFile; fileRef = AB2617182811A0C30070A189 /* RollerCoasterListView.swift */; };
		AB26171C2811A15F0070A189 /* RollerCoasterListViewModel.swift in Sources */ = {isa = PBXBuildFile; fileRef = AB26171B2811A15F0070A189 /* RollerCoasterListViewModel.swift */; };
		AB26171E2811A5AC0070A189 /* RollerCoasterDetailsView.swift in Sources */ = {isa = PBXBuildFile; fileRef = AB26171D2811A5AC0070A189 /* RollerCoasterDetailsView.swift */; };
		AB2617202811A6030070A189 /* RollerCoasterDetailsViewModel.swift in Sources */ = {isa = PBXBuildFile; fileRef = AB26171F2811A6030070A189 /* RollerCoasterDetailsViewModel.swift */; };
/* End PBXBuildFile section */

/* Begin PBXContainerItemProxy section */
		AB2616FB28119F6E0070A189 /* PBXContainerItemProxy */ = {
			isa = PBXContainerItemProxy;
			containerPortal = AB2616DD28119F6C0070A189 /* Project object */;
			proxyType = 1;
			remoteGlobalIDString = AB2616E428119F6C0070A189;
			remoteInfo = CoasterTrackerDemo1;
		};
		AB26170528119F6E0070A189 /* PBXContainerItemProxy */ = {
			isa = PBXContainerItemProxy;
			containerPortal = AB2616DD28119F6C0070A189 /* Project object */;
			proxyType = 1;
			remoteGlobalIDString = AB2616E428119F6C0070A189;
			remoteInfo = CoasterTrackerDemo1;
		};
/* End PBXContainerItemProxy section */

/* Begin PBXFileReference section */
		AB14CF40285B4E1A00DE7F1C /* CoasterTrackerDemo v2.xcdatamodel */ = {isa = PBXFileReference; lastKnownFileType = wrapper.xcdatamodel; path = "CoasterTrackerDemo v2.xcdatamodel"; sourceTree = "<group>"; };
		AB2616E528119F6C0070A189 /* CoasterTrackerDemo.app */ = {isa = PBXFileReference; explicitFileType = wrapper.application; includeInIndex = 0; path = CoasterTrackerDemo.app; sourceTree = BUILT_PRODUCTS_DIR; };
		AB2616E828119F6C0070A189 /* CoasterTrackerDemoApp.swift */ = {isa = PBXFileReference; lastKnownFileType = sourcecode.swift; path = CoasterTrackerDemoApp.swift; sourceTree = "<group>"; };
		AB2616EA28119F6C0070A189 /* ContentView.swift */ = {isa = PBXFileReference; lastKnownFileType = sourcecode.swift; path = ContentView.swift; sourceTree = "<group>"; };
		AB2616EC28119F6E0070A189 /* Assets.xcassets */ = {isa = PBXFileReference; lastKnownFileType = folder.assetcatalog; path = Assets.xcassets; sourceTree = "<group>"; };
		AB2616EF28119F6E0070A189 /* Preview Assets.xcassets */ = {isa = PBXFileReference; lastKnownFileType = folder.assetcatalog; path = "Preview Assets.xcassets"; sourceTree = "<group>"; };
		AB2616F128119F6E0070A189 /* Persistence.swift */ = {isa = PBXFileReference; lastKnownFileType = sourcecode.swift; path = Persistence.swift; sourceTree = "<group>"; };
		AB2616F428119F6E0070A189 /* CoasterTrackerDemo1.xcdatamodel */ = {isa = PBXFileReference; lastKnownFileType = wrapper.xcdatamodel; path = CoasterTrackerDemo1.xcdatamodel; sourceTree = "<group>"; };
		AB2616FA28119F6E0070A189 /* CoasterTrackerDemoTests.xctest */ = {isa = PBXFileReference; explicitFileType = wrapper.cfbundle; includeInIndex = 0; path = CoasterTrackerDemoTests.xctest; sourceTree = BUILT_PRODUCTS_DIR; };
		AB2616FE28119F6E0070A189 /* CoasterTrackerDemoTests.swift */ = {isa = PBXFileReference; lastKnownFileType = sourcecode.swift; path = CoasterTrackerDemoTests.swift; sourceTree = "<group>"; };
		AB26170428119F6E0070A189 /* CoasterTrackerDemoUITests.xctest */ = {isa = PBXFileReference; explicitFileType = wrapper.cfbundle; includeInIndex = 0; path = CoasterTrackerDemoUITests.xctest; sourceTree = BUILT_PRODUCTS_DIR; };
		AB26170828119F6E0070A189 /* CoasterTrackerDemoUITests.swift */ = {isa = PBXFileReference; lastKnownFileType = sourcecode.swift; path = CoasterTrackerDemoUITests.swift; sourceTree = "<group>"; };
		AB26170A28119F6E0070A189 /* CoasterTrackerDemoUITestsLaunchTests.swift */ = {isa = PBXFileReference; lastKnownFileType = sourcecode.swift; path = CoasterTrackerDemoUITestsLaunchTests.swift; sourceTree = "<group>"; };
		AB2617182811A0C30070A189 /* RollerCoasterListView.swift */ = {isa = PBXFileReference; lastKnownFileType = sourcecode.swift; path = RollerCoasterListView.swift; sourceTree = "<group>"; };
		AB26171B2811A15F0070A189 /* RollerCoasterListViewModel.swift */ = {isa = PBXFileReference; lastKnownFileType = sourcecode.swift; path = RollerCoasterListViewModel.swift; sourceTree = "<group>"; };
		AB26171D2811A5AC0070A189 /* RollerCoasterDetailsView.swift */ = {isa = PBXFileReference; lastKnownFileType = sourcecode.swift; path = RollerCoasterDetailsView.swift; sourceTree = "<group>"; };
		AB26171F2811A6030070A189 /* RollerCoasterDetailsViewModel.swift */ = {isa = PBXFileReference; lastKnownFileType = sourcecode.swift; path = RollerCoasterDetailsViewModel.swift; sourceTree = "<group>"; };
/* End PBXFileReference section */

/* Begin PBXFrameworksBuildPhase section */
		AB2616E228119F6C0070A189 /* Frameworks */ = {
			isa = PBXFrameworksBuildPhase;
			buildActionMask = 2147483647;
			files = (
			);
			runOnlyForDeploymentPostprocessing = 0;
		};
		AB2616F728119F6E0070A189 /* Frameworks */ = {
			isa = PBXFrameworksBuildPhase;
			buildActionMask = 2147483647;
			files = (
			);
			runOnlyForDeploymentPostprocessing = 0;
		};
		AB26170128119F6E0070A189 /* Frameworks */ = {
			isa = PBXFrameworksBuildPhase;
			buildActionMask = 2147483647;
			files = (
			);
			runOnlyForDeploymentPostprocessing = 0;
		};
/* End PBXFrameworksBuildPhase section */

/* Begin PBXGroup section */
		AB2616DC28119F6C0070A189 = {
			isa = PBXGroup;
			children = (
				AB2616E728119F6C0070A189 /* CoasterTrackerDemo */,
				AB2616FD28119F6E0070A189 /* CoasterTrackerDemoTests */,
				AB26170728119F6E0070A189 /* CoasterTrackerDemoUITests */,
				AB2616E628119F6C0070A189 /* Products */,
			);
			sourceTree = "<group>";
		};
		AB2616E628119F6C0070A189 /* Products */ = {
			isa = PBXGroup;
			children = (
				AB2616E528119F6C0070A189 /* CoasterTrackerDemo.app */,
				AB2616FA28119F6E0070A189 /* CoasterTrackerDemoTests.xctest */,
				AB26170428119F6E0070A189 /* CoasterTrackerDemoUITests.xctest */,
			);
			name = Products;
			sourceTree = "<group>";
		};
		AB2616E728119F6C0070A189 /* CoasterTrackerDemo */ = {
			isa = PBXGroup;
			children = (
				AB26171A2811A14F0070A189 /* View Models */,
				AB2617172811A0500070A189 /* Views */,
				AB2616E828119F6C0070A189 /* CoasterTrackerDemoApp.swift */,
				AB2616EA28119F6C0070A189 /* ContentView.swift */,
				AB2616EC28119F6E0070A189 /* Assets.xcassets */,
				AB2616F128119F6E0070A189 /* Persistence.swift */,
				AB2616F328119F6E0070A189 /* CoasterTrackerDemo.xcdatamodeld */,
				AB2616EE28119F6E0070A189 /* Preview Content */,
			);
			path = CoasterTrackerDemo;
			sourceTree = "<group>";
		};
		AB2616EE28119F6E0070A189 /* Preview Content */ = {
			isa = PBXGroup;
			children = (
				AB2616EF28119F6E0070A189 /* Preview Assets.xcassets */,
			);
			path = "Preview Content";
			sourceTree = "<group>";
		};
		AB2616FD28119F6E0070A189 /* CoasterTrackerDemoTests */ = {
			isa = PBXGroup;
			children = (
				AB2616FE28119F6E0070A189 /* CoasterTrackerDemoTests.swift */,
			);
			path = CoasterTrackerDemoTests;
			sourceTree = "<group>";
		};
		AB26170728119F6E0070A189 /* CoasterTrackerDemoUITests */ = {
			isa = PBXGroup;
			children = (
				AB26170828119F6E0070A189 /* CoasterTrackerDemoUITests.swift */,
				AB26170A28119F6E0070A189 /* CoasterTrackerDemoUITestsLaunchTests.swift */,
			);
			path = CoasterTrackerDemoUITests;
			sourceTree = "<group>";
		};
		AB2617172811A0500070A189 /* Views */ = {
			isa = PBXGroup;
			children = (
				AB2617182811A0C30070A189 /* RollerCoasterListView.swift */,
				AB26171D2811A5AC0070A189 /* RollerCoasterDetailsView.swift */,
			);
			path = Views;
			sourceTree = "<group>";
		};
		AB26171A2811A14F0070A189 /* View Models */ = {
			isa = PBXGroup;
			children = (
				AB26171B2811A15F0070A189 /* RollerCoasterListViewModel.swift */,
				AB26171F2811A6030070A189 /* RollerCoasterDetailsViewModel.swift */,
			);
			path = "View Models";
			sourceTree = "<group>";
		};
/* End PBXGroup section */

/* Begin PBXNativeTarget section */
		AB2616E428119F6C0070A189 /* CoasterTrackerDemo */ = {
			isa = PBXNativeTarget;
			buildConfigurationList = AB26170E28119F6E0070A189 /* Build configuration list for PBXNativeTarget "CoasterTrackerDemo" */;
			buildPhases = (
				AB2616E128119F6C0070A189 /* Sources */,
				AB2616E228119F6C0070A189 /* Frameworks */,
				AB2616E328119F6C0070A189 /* Resources */,
			);
			buildRules = (
			);
			dependencies = (
			);
			name = CoasterTrackerDemo;
			productName = CoasterTrackerDemo1;
			productReference = AB2616E528119F6C0070A189 /* CoasterTrackerDemo.app */;
			productType = "com.apple.product-type.application";
		};
		AB2616F928119F6E0070A189 /* CoasterTrackerDemoTests */ = {
			isa = PBXNativeTarget;
			buildConfigurationList = AB26171128119F6E0070A189 /* Build configuration list for PBXNativeTarget "CoasterTrackerDemoTests" */;
			buildPhases = (
				AB2616F628119F6E0070A189 /* Sources */,
				AB2616F728119F6E0070A189 /* Frameworks */,
				AB2616F828119F6E0070A189 /* Resources */,
			);
			buildRules = (
			);
			dependencies = (
				AB2616FC28119F6E0070A189 /* PBXTargetDependency */,
			);
			name = CoasterTrackerDemoTests;
			productName = CoasterTrackerDemo1Tests;
			productReference = AB2616FA28119F6E0070A189 /* CoasterTrackerDemoTests.xctest */;
			productType = "com.apple.product-type.bundle.unit-test";
		};
		AB26170328119F6E0070A189 /* CoasterTrackerDemoUITests */ = {
			isa = PBXNativeTarget;
			buildConfigurationList = AB26171428119F6E0070A189 /* Build configuration list for PBXNativeTarget "CoasterTrackerDemoUITests" */;
			buildPhases = (
				AB26170028119F6E0070A189 /* Sources */,
				AB26170128119F6E0070A189 /* Frameworks */,
				AB26170228119F6E0070A189 /* Resources */,
			);
			buildRules = (
			);
			dependencies = (
				AB26170628119F6E0070A189 /* PBXTargetDependency */,
			);
			name = CoasterTrackerDemoUITests;
			productName = CoasterTrackerDemo1UITests;
			productReference = AB26170428119F6E0070A189 /* CoasterTrackerDemoUITests.xctest */;
			productType = "com.apple.product-type.bundle.ui-testing";
		};
/* End PBXNativeTarget section */

/* Begin PBXProject section */
		AB2616DD28119F6C0070A189 /* Project object */ = {
			isa = PBXProject;
			attributes = {
				BuildIndependentTargetsInParallel = 1;
				LastSwiftUpdateCheck = 1330;
				LastUpgradeCheck = 1330;
				TargetAttributes = {
					AB2616E428119F6C0070A189 = {
						CreatedOnToolsVersion = 13.3.1;
					};
					AB2616F928119F6E0070A189 = {
						CreatedOnToolsVersion = 13.3.1;
						TestTargetID = AB2616E428119F6C0070A189;
					};
					AB26170328119F6E0070A189 = {
						CreatedOnToolsVersion = 13.3.1;
						TestTargetID = AB2616E428119F6C0070A189;
					};
				};
			};
			buildConfigurationList = AB2616E028119F6C0070A189 /* Build configuration list for PBXProject "CoasterTrackerDemo" */;
			compatibilityVersion = "Xcode 13.0";
			developmentRegion = en;
			hasScannedForEncodings = 0;
			knownRegions = (
				en,
				Base,
			);
			mainGroup = AB2616DC28119F6C0070A189;
			productRefGroup = AB2616E628119F6C0070A189 /* Products */;
			projectDirPath = "";
			projectRoot = "";
			targets = (
				AB2616E428119F6C0070A189 /* CoasterTrackerDemo */,
				AB2616F928119F6E0070A189 /* CoasterTrackerDemoTests */,
				AB26170328119F6E0070A189 /* CoasterTrackerDemoUITests */,
			);
		};
/* End PBXProject section */

/* Begin PBXResourcesBuildPhase section */
		AB2616E328119F6C0070A189 /* Resources */ = {
			isa = PBXResourcesBuildPhase;
			buildActionMask = 2147483647;
			files = (
				AB2616F028119F6E0070A189 /* Preview Assets.xcassets in Resources */,
				AB2616ED28119F6E0070A189 /* Assets.xcassets in Resources */,
			);
			runOnlyForDeploymentPostprocessing = 0;
		};
		AB2616F828119F6E0070A189 /* Resources */ = {
			isa = PBXResourcesBuildPhase;
			buildActionMask = 2147483647;
			files = (
			);
			runOnlyForDeploymentPostprocessing = 0;
		};
		AB26170228119F6E0070A189 /* Resources */ = {
			isa = PBXResourcesBuildPhase;
			buildActionMask = 2147483647;
			files = (
			);
			runOnlyForDeploymentPostprocessing = 0;
		};
/* End PBXResourcesBuildPhase section */

/* Begin PBXSourcesBuildPhase section */
		AB2616E128119F6C0070A189 /* Sources */ = {
			isa = PBXSourcesBuildPhase;
			buildActionMask = 2147483647;
			files = (
				AB2616F228119F6E0070A189 /* Persistence.swift in Sources */,
				AB2617202811A6030070A189 /* RollerCoasterDetailsViewModel.swift in Sources */,
				AB26171E2811A5AC0070A189 /* RollerCoasterDetailsView.swift in Sources */,
				AB2616EB28119F6C0070A189 /* ContentView.swift in Sources */,
				AB2616F528119F6E0070A189 /* CoasterTrackerDemo.xcdatamodeld in Sources */,
				AB2616E928119F6C0070A189 /* CoasterTrackerDemoApp.swift in Sources */,
				AB26171C2811A15F0070A189 /* RollerCoasterListViewModel.swift in Sources */,
				AB2617192811A0C30070A189 /* RollerCoasterListView.swift in Sources */,
			);
			runOnlyForDeploymentPostprocessing = 0;
		};
		AB2616F628119F6E0070A189 /* Sources */ = {
			isa = PBXSourcesBuildPhase;
			buildActionMask = 2147483647;
			files = (
				AB2616FF28119F6E0070A189 /* CoasterTrackerDemoTests.swift in Sources */,
			);
			runOnlyForDeploymentPostprocessing = 0;
		};
		AB26170028119F6E0070A189 /* Sources */ = {
			isa = PBXSourcesBuildPhase;
			buildActionMask = 2147483647;
			files = (
				AB26170B28119F6E0070A189 /* CoasterTrackerDemoUITestsLaunchTests.swift in Sources */,
				AB26170928119F6E0070A189 /* CoasterTrackerDemoUITests.swift in Sources */,
			);
			runOnlyForDeploymentPostprocessing = 0;
		};
/* End PBXSourcesBuildPhase section */

/* Begin PBXTargetDependency section */
		AB2616FC28119F6E0070A189 /* PBXTargetDependency */ = {
			isa = PBXTargetDependency;
			target = AB2616E428119F6C0070A189 /* CoasterTrackerDemo */;
			targetProxy = AB2616FB28119F6E0070A189 /* PBXContainerItemProxy */;
		};
		AB26170628119F6E0070A189 /* PBXTargetDependency */ = {
			isa = PBXTargetDependency;
			target = AB2616E428119F6C0070A189 /* CoasterTrackerDemo */;
			targetProxy = AB26170528119F6E0070A189 /* PBXContainerItemProxy */;
		};
/* End PBXTargetDependency section */

/* Begin XCBuildConfiguration section */
		AB26170C28119F6E0070A189 /* Debug */ = {
			isa = XCBuildConfiguration;
			buildSettings = {
				ALWAYS_SEARCH_USER_PATHS = NO;
				CLANG_ANALYZER_NONNULL = YES;
				CLANG_ANALYZER_NUMBER_OBJECT_CONVERSION = YES_AGGRESSIVE;
				CLANG_CXX_LANGUAGE_STANDARD = "gnu++17";
				CLANG_ENABLE_MODULES = YES;
				CLANG_ENABLE_OBJC_ARC = YES;
				CLANG_ENABLE_OBJC_WEAK = YES;
				CLANG_WARN_BLOCK_CAPTURE_AUTORELEASING = YES;
				CLANG_WARN_BOOL_CONVERSION = YES;
				CLANG_WARN_COMMA = YES;
				CLANG_WARN_CONSTANT_CONVERSION = YES;
				CLANG_WARN_DEPRECATED_OBJC_IMPLEMENTATIONS = YES;
				CLANG_WARN_DIRECT_OBJC_ISA_USAGE = YES_ERROR;
				CLANG_WARN_DOCUMENTATION_COMMENTS = YES;
				CLANG_WARN_EMPTY_BODY = YES;
				CLANG_WARN_ENUM_CONVERSION = YES;
				CLANG_WARN_INFINITE_RECURSION = YES;
				CLANG_WARN_INT_CONVERSION = YES;
				CLANG_WARN_NON_LITERAL_NULL_CONVERSION = YES;
				CLANG_WARN_OBJC_IMPLICIT_RETAIN_SELF = YES;
				CLANG_WARN_OBJC_LITERAL_CONVERSION = YES;
				CLANG_WARN_OBJC_ROOT_CLASS = YES_ERROR;
				CLANG_WARN_QUOTED_INCLUDE_IN_FRAMEWORK_HEADER = YES;
				CLANG_WARN_RANGE_LOOP_ANALYSIS = YES;
				CLANG_WARN_STRICT_PROTOTYPES = YES;
				CLANG_WARN_SUSPICIOUS_MOVE = YES;
				CLANG_WARN_UNGUARDED_AVAILABILITY = YES_AGGRESSIVE;
				CLANG_WARN_UNREACHABLE_CODE = YES;
				CLANG_WARN__DUPLICATE_METHOD_MATCH = YES;
				COPY_PHASE_STRIP = NO;
				DEBUG_INFORMATION_FORMAT = dwarf;
				ENABLE_STRICT_OBJC_MSGSEND = YES;
				ENABLE_TESTABILITY = YES;
				GCC_C_LANGUAGE_STANDARD = gnu11;
				GCC_DYNAMIC_NO_PIC = NO;
				GCC_NO_COMMON_BLOCKS = YES;
				GCC_OPTIMIZATION_LEVEL = 0;
				GCC_PREPROCESSOR_DEFINITIONS = (
					"DEBUG=1",
					"$(inherited)",
				);
				GCC_WARN_64_TO_32_BIT_CONVERSION = YES;
				GCC_WARN_ABOUT_RETURN_TYPE = YES_ERROR;
				GCC_WARN_UNDECLARED_SELECTOR = YES;
				GCC_WARN_UNINITIALIZED_AUTOS = YES_AGGRESSIVE;
				GCC_WARN_UNUSED_FUNCTION = YES;
				GCC_WARN_UNUSED_VARIABLE = YES;
				IPHONEOS_DEPLOYMENT_TARGET = 15.4;
				MTL_ENABLE_DEBUG_INFO = INCLUDE_SOURCE;
				MTL_FAST_MATH = YES;
				ONLY_ACTIVE_ARCH = YES;
				SDKROOT = iphoneos;
				SWIFT_ACTIVE_COMPILATION_CONDITIONS = DEBUG;
				SWIFT_OPTIMIZATION_LEVEL = "-Onone";
			};
			name = Debug;
		};
		AB26170D28119F6E0070A189 /* Release */ = {
			isa = XCBuildConfiguration;
			buildSettings = {
				ALWAYS_SEARCH_USER_PATHS = NO;
				CLANG_ANALYZER_NONNULL = YES;
				CLANG_ANALYZER_NUMBER_OBJECT_CONVERSION = YES_AGGRESSIVE;
				CLANG_CXX_LANGUAGE_STANDARD = "gnu++17";
				CLANG_ENABLE_MODULES = YES;
				CLANG_ENABLE_OBJC_ARC = YES;
				CLANG_ENABLE_OBJC_WEAK = YES;
				CLANG_WARN_BLOCK_CAPTURE_AUTORELEASING = YES;
				CLANG_WARN_BOOL_CONVERSION = YES;
				CLANG_WARN_COMMA = YES;
				CLANG_WARN_CONSTANT_CONVERSION = YES;
				CLANG_WARN_DEPRECATED_OBJC_IMPLEMENTATIONS = YES;
				CLANG_WARN_DIRECT_OBJC_ISA_USAGE = YES_ERROR;
				CLANG_WARN_DOCUMENTATION_COMMENTS = YES;
				CLANG_WARN_EMPTY_BODY = YES;
				CLANG_WARN_ENUM_CONVERSION = YES;
				CLANG_WARN_INFINITE_RECURSION = YES;
				CLANG_WARN_INT_CONVERSION = YES;
				CLANG_WARN_NON_LITERAL_NULL_CONVERSION = YES;
				CLANG_WARN_OBJC_IMPLICIT_RETAIN_SELF = YES;
				CLANG_WARN_OBJC_LITERAL_CONVERSION = YES;
				CLANG_WARN_OBJC_ROOT_CLASS = YES_ERROR;
				CLANG_WARN_QUOTED_INCLUDE_IN_FRAMEWORK_HEADER = YES;
				CLANG_WARN_RANGE_LOOP_ANALYSIS = YES;
				CLANG_WARN_STRICT_PROTOTYPES = YES;
				CLANG_WARN_SUSPICIOUS_MOVE = YES;
				CLANG_WARN_UNGUARDED_AVAILABILITY = YES_AGGRESSIVE;
				CLANG_WARN_UNREACHABLE_CODE = YES;
				CLANG_WARN__DUPLICATE_METHOD_MATCH = YES;
				COPY_PHASE_STRIP = NO;
				DEBUG_INFORMATION_FORMAT = "dwarf-with-dsym";
				ENABLE_NS_ASSERTIONS = NO;
				ENABLE_STRICT_OBJC_MSGSEND = YES;
				GCC_C_LANGUAGE_STANDARD = gnu11;
				GCC_NO_COMMON_BLOCKS = YES;
				GCC_WARN_64_TO_32_BIT_CONVERSION = YES;
				GCC_WARN_ABOUT_RETURN_TYPE = YES_ERROR;
				GCC_WARN_UNDECLARED_SELECTOR = YES;
				GCC_WARN_UNINITIALIZED_AUTOS = YES_AGGRESSIVE;
				GCC_WARN_UNUSED_FUNCTION = YES;
				GCC_WARN_UNUSED_VARIABLE = YES;
				IPHONEOS_DEPLOYMENT_TARGET = 15.4;
				MTL_ENABLE_DEBUG_INFO = NO;
				MTL_FAST_MATH = YES;
				SDKROOT = iphoneos;
				SWIFT_COMPILATION_MODE = wholemodule;
				SWIFT_OPTIMIZATION_LEVEL = "-O";
				VALIDATE_PRODUCT = YES;
			};
			name = Release;
		};
		AB26170F28119F6E0070A189 /* Debug */ = {
			isa = XCBuildConfiguration;
			buildSettings = {
				ASSETCATALOG_COMPILER_APPICON_NAME = AppIcon;
				ASSETCATALOG_COMPILER_GLOBAL_ACCENT_COLOR_NAME = AccentColor;
				CODE_SIGN_STYLE = Automatic;
				CURRENT_PROJECT_VERSION = 1;
				DEVELOPMENT_ASSET_PATHS = "\"CoasterTrackerDemo/Preview Content\"";
				DEVELOPMENT_TEAM = J758NBAKF3;
				ENABLE_PREVIEWS = YES;
				GENERATE_INFOPLIST_FILE = YES;
				INFOPLIST_KEY_UIApplicationSceneManifest_Generation = YES;
				INFOPLIST_KEY_UIApplicationSupportsIndirectInputEvents = YES;
				INFOPLIST_KEY_UILaunchScreen_Generation = YES;
				INFOPLIST_KEY_UISupportedInterfaceOrientations_iPad = "UIInterfaceOrientationPortrait UIInterfaceOrientationPortraitUpsideDown UIInterfaceOrientationLandscapeLeft UIInterfaceOrientationLandscapeRight";
				INFOPLIST_KEY_UISupportedInterfaceOrientations_iPhone = "UIInterfaceOrientationPortrait UIInterfaceOrientationLandscapeLeft UIInterfaceOrientationLandscapeRight";
				LD_RUNPATH_SEARCH_PATHS = (
					"$(inherited)",
					"@executable_path/Frameworks",
				);
				MARKETING_VERSION = 1.0;
				PRODUCT_BUNDLE_IDENTIFIER = com.lepolt.CoasterTrackerDemo;
				PRODUCT_NAME = CoasterTrackerDemo;
				SWIFT_EMIT_LOC_STRINGS = YES;
				SWIFT_VERSION = 5.0;
				TARGETED_DEVICE_FAMILY = "1,2";
			};
			name = Debug;
		};
		AB26171028119F6E0070A189 /* Release */ = {
			isa = XCBuildConfiguration;
			buildSettings = {
				ASSETCATALOG_COMPILER_APPICON_NAME = AppIcon;
				ASSETCATALOG_COMPILER_GLOBAL_ACCENT_COLOR_NAME = AccentColor;
				CODE_SIGN_STYLE = Automatic;
				CURRENT_PROJECT_VERSION = 1;
				DEVELOPMENT_ASSET_PATHS = "\"CoasterTrackerDemo/Preview Content\"";
				DEVELOPMENT_TEAM = J758NBAKF3;
				ENABLE_PREVIEWS = YES;
				GENERATE_INFOPLIST_FILE = YES;
				INFOPLIST_KEY_UIApplicationSceneManifest_Generation = YES;
				INFOPLIST_KEY_UIApplicationSupportsIndirectInputEvents = YES;
				INFOPLIST_KEY_UILaunchScreen_Generation = YES;
				INFOPLIST_KEY_UISupportedInterfaceOrientations_iPad = "UIInterfaceOrientationPortrait UIInterfaceOrientationPortraitUpsideDown UIInterfaceOrientationLandscapeLeft UIInterfaceOrientationLandscapeRight";
				INFOPLIST_KEY_UISupportedInterfaceOrientations_iPhone = "UIInterfaceOrientationPortrait UIInterfaceOrientationLandscapeLeft UIInterfaceOrientationLandscapeRight";
				LD_RUNPATH_SEARCH_PATHS = (
					"$(inherited)",
					"@executable_path/Frameworks",
				);
				MARKETING_VERSION = 1.0;
				PRODUCT_BUNDLE_IDENTIFIER = com.lepolt.CoasterTrackerDemo;
				PRODUCT_NAME = CoasterTrackerDemo;
				SWIFT_EMIT_LOC_STRINGS = YES;
				SWIFT_VERSION = 5.0;
				TARGETED_DEVICE_FAMILY = "1,2";
			};
			name = Release;
		};
		AB26171228119F6E0070A189 /* Debug */ = {
			isa = XCBuildConfiguration;
			buildSettings = {
				ALWAYS_EMBED_SWIFT_STANDARD_LIBRARIES = YES;
				BUNDLE_LOADER = "$(TEST_HOST)";
				CODE_SIGN_STYLE = Automatic;
				CURRENT_PROJECT_VERSION = 1;
				DEVELOPMENT_TEAM = J758NBAKF3;
				GENERATE_INFOPLIST_FILE = YES;
				IPHONEOS_DEPLOYMENT_TARGET = 15.4;
				MARKETING_VERSION = 1.0;
				PRODUCT_BUNDLE_IDENTIFIER = com.lepolt.CoasterTrackerDemoTests;
				PRODUCT_NAME = "$(TARGET_NAME)";
				SWIFT_EMIT_LOC_STRINGS = NO;
				SWIFT_VERSION = 5.0;
				TARGETED_DEVICE_FAMILY = "1,2";
				TEST_HOST = "$(BUILT_PRODUCTS_DIR)/CoasterTrackerDemo.app/CoasterTrackerDemo";
			};
			name = Debug;
		};
		AB26171328119F6E0070A189 /* Release */ = {
			isa = XCBuildConfiguration;
			buildSettings = {
				ALWAYS_EMBED_SWIFT_STANDARD_LIBRARIES = YES;
				BUNDLE_LOADER = "$(TEST_HOST)";
				CODE_SIGN_STYLE = Automatic;
				CURRENT_PROJECT_VERSION = 1;
				DEVELOPMENT_TEAM = J758NBAKF3;
				GENERATE_INFOPLIST_FILE = YES;
				IPHONEOS_DEPLOYMENT_TARGET = 15.4;
				MARKETING_VERSION = 1.0;
				PRODUCT_BUNDLE_IDENTIFIER = com.lepolt.CoasterTrackerDemoTests;
				PRODUCT_NAME = "$(TARGET_NAME)";
				SWIFT_EMIT_LOC_STRINGS = NO;
				SWIFT_VERSION = 5.0;
				TARGETED_DEVICE_FAMILY = "1,2";
				TEST_HOST = "$(BUILT_PRODUCTS_DIR)/CoasterTrackerDemo.app/CoasterTrackerDemo";
			};
			name = Release;
		};
		AB26171528119F6E0070A189 /* Debug */ = {
			isa = XCBuildConfiguration;
			buildSettings = {
				ALWAYS_EMBED_SWIFT_STANDARD_LIBRARIES = YES;
				CODE_SIGN_STYLE = Automatic;
				CURRENT_PROJECT_VERSION = 1;
				DEVELOPMENT_TEAM = J758NBAKF3;
				GENERATE_INFOPLIST_FILE = YES;
				MARKETING_VERSION = 1.0;
				PRODUCT_BUNDLE_IDENTIFIER = com.lepolt.CoasterTrackerDemoUITests;
				PRODUCT_NAME = "$(TARGET_NAME)";
				SWIFT_EMIT_LOC_STRINGS = NO;
				SWIFT_VERSION = 5.0;
				TARGETED_DEVICE_FAMILY = "1,2";
				TEST_TARGET_NAME = CoasterTrackerDemo;
			};
			name = Debug;
		};
		AB26171628119F6E0070A189 /* Release */ = {
			isa = XCBuildConfiguration;
			buildSettings = {
				ALWAYS_EMBED_SWIFT_STANDARD_LIBRARIES = YES;
				CODE_SIGN_STYLE = Automatic;
				CURRENT_PROJECT_VERSION = 1;
				DEVELOPMENT_TEAM = J758NBAKF3;
				GENERATE_INFOPLIST_FILE = YES;
				MARKETING_VERSION = 1.0;
				PRODUCT_BUNDLE_IDENTIFIER = com.lepolt.CoasterTrackerDemoUITests;
				PRODUCT_NAME = "$(TARGET_NAME)";
				SWIFT_EMIT_LOC_STRINGS = NO;
				SWIFT_VERSION = 5.0;
				TARGETED_DEVICE_FAMILY = "1,2";
				TEST_TARGET_NAME = CoasterTrackerDemo;
			};
			name = Release;
		};
/* End XCBuildConfiguration section */

/* Begin XCConfigurationList section */
		AB2616E028119F6C0070A189 /* Build configuration list for PBXProject "CoasterTrackerDemo" */ = {
			isa = XCConfigurationList;
			buildConfigurations = (
				AB26170C28119F6E0070A189 /* Debug */,
				AB26170D28119F6E0070A189 /* Release */,
			);
			defaultConfigurationIsVisible = 0;
			defaultConfigurationName = Release;
		};
		AB26170E28119F6E0070A189 /* Build configuration list for PBXNativeTarget "CoasterTrackerDemo" */ = {
			isa = XCConfigurationList;
			buildConfigurations = (
				AB26170F28119F6E0070A189 /* Debug */,
				AB26171028119F6E0070A189 /* Release */,
			);
			defaultConfigurationIsVisible = 0;
			defaultConfigurationName = Release;
		};
		AB26171128119F6E0070A189 /* Build configuration list for PBXNativeTarget "CoasterTrackerDemoTests" */ = {
			isa = XCConfigurationList;
			buildConfigurations = (
				AB26171228119F6E0070A189 /* Debug */,
				AB26171328119F6E0070A189 /* Release */,
			);
			defaultConfigurationIsVisible = 0;
			defaultConfigurationName = Release;
		};
		AB26171428119F6E0070A189 /* Build configuration list for PBXNativeTarget "CoasterTrackerDemoUITests" */ = {
			isa = XCConfigurationList;
			buildConfigurations = (
				AB26171528119F6E0070A189 /* Debug */,
				AB26171628119F6E0070A189 /* Release */,
			);
			defaultConfigurationIsVisible = 0;
			defaultConfigurationName = Release;
		};
/* End XCConfigurationList section */

/* Begin XCVersionGroup section */
		AB2616F328119F6E0070A189 /* CoasterTrackerDemo.xcdatamodeld */ = {
			isa = XCVersionGroup;
			children = (
				AB14CF40285B4E1A00DE7F1C /* CoasterTrackerDemo v2.xcdatamodel */,
				AB2616F428119F6E0070A189 /* CoasterTrackerDemo1.xcdatamodel */,
			);
			currentVersion = AB14CF40285B4E1A00DE7F1C /* CoasterTrackerDemo v2.xcdatamodel */;
			path = CoasterTrackerDemo.xcdatamodeld;
			sourceTree = "<group>";
			versionGroupType = wrapper.xcdatamodel;
		};
/* End XCVersionGroup section */
	};
	rootObject = AB2616DD28119F6C0070A189 /* Project object */;
}
